#MicroXplorer Configuration settings - do not modify
Mcu.Family=STM32F0
ProjectManager.MainLocation=Core/Src
ProjectManager.ProjectFileName=stmcub.ioc
ProjectManager.KeepUserCode=true
Mcu.UserName=STM32F030F4Px
PA10.Mode=I2C
Mcu.PinsNb=11
ProjectManager.NoMain=false
USART1.BaudRate=9600
RCC.PLLCLKFreq_Value=8000000
VP_IWDG_VS_IWDG.Mode=IWDG_Activate
USART1.WordLength=WORDLENGTH_8B
ProjectManager.functionlistsort=1-MX_GPIO_Init-GPIO-false-HAL-true,2-SystemClock_Config-RCC-false-HAL-false,3-MX_I2C1_Init-I2C1-false-HAL-true,4-MX_USART1_UART_Init-USART1-false-HAL-true,5-MX_IWDG_Init-IWDG-false-HAL-true
ProjectManager.DefaultFWLocation=true
NVIC.SVC_IRQn=true\:0\:0\:false\:false\:true\:false\:false
ProjectManager.DeletePrevious=true
USART1.IPParameters=VirtualMode-Asynchronous,VirtualMode-Hardware Flow Control (RS485),BaudRate,WordLength
PinOutPanel.RotationAngle=0
RCC.FamilyName=M
ProjectManager.StackSize=0x400
USART1.VirtualMode-Asynchronous=VM_ASYNC
PA3.Mode=Asynchronous
Mcu.IP4=SYS
Mcu.IP5=USART1
Mcu.IP2=NVIC
Mcu.IP3=RCC
Mcu.IP0=I2C1
PA9.Mode=I2C
Mcu.IP1=IWDG
Mcu.UserConstants=
ProjectManager.TargetToolchain=MDK-ARM V5.27
Mcu.ThirdPartyNb=0
Mcu.IPNb=6
ProjectManager.PreviousToolchain=
PA9.Signal=I2C1_SCL
Mcu.Pin6=PA7
Mcu.Pin7=PA9
ProjectManager.RegisterCallBack=
Mcu.Pin8=PA10
Mcu.Pin9=VP_IWDG_VS_IWDG
PA1.Signal=USART1_DE
Mcu.Pin0=PF0-OSC_IN
PF0-OSC_IN.Mode=HSE-External-Oscillator
Mcu.Pin1=PF1-OSC_OUT
GPIO.groupedBy=
Mcu.Pin2=PA1
Mcu.Pin3=PA2
Mcu.Pin4=PA3
Mcu.Pin5=PA4
ProjectManager.ProjectBuild=false
board=custom
PA4.Locked=true
NVIC.SysTick_IRQn=true\:0\:0\:false\:false\:true\:false\:true
ProjectManager.LastFirmware=true
ProjectManager.FirmwarePackage=STM32Cube FW_F0 V1.11.2
MxDb.Version=DB.6.0.10
PA1.Mode=Hardware Flow Control (RS485)
ProjectManager.BackupPrevious=false
MxCube.Version=6.1.1
USART1.VirtualMode-Hardware\ Flow\ Control\ (RS485)=VM_ASYNC
File.Version=6
VP_SYS_VS_Systick.Mode=SysTick
NVIC.NonMaskableInt_IRQn=true\:0\:0\:false\:false\:true\:false\:false
PA4.GPIOParameters=GPIO_Label
NVIC.PendSV_IRQn=true\:0\:0\:false\:false\:true\:false\:false
ProjectManager.FreePins=false
RCC.IPParameters=FamilyName,PLLCLKFreq_Value,TimSysFreq_Value
IWDG.IPParameters=Prescaler
ProjectManager.AskForMigrate=true
Mcu.Name=STM32F030F4Px
ProjectManager.HalAssertFull=false
PA2.Signal=USART1_TX
ProjectManager.ProjectName=stmcub
ProjectManager.UnderRoot=false
ProjectManager.CoupleFile=true
PA4.Signal=GPIO_Output
Mcu.Package=TSSOP20
RCC.TimSysFreq_Value=8000000
PA7.GPIO_Label=Alert
PA7.Locked=true
NVIC.ForceEnableDMAVector=true
KeepUserPlacement=false
ProjectManager.CompilerOptimize=6
ProjectManager.ToolChainLocation=
VP_SYS_VS_Systick.Signal=SYS_VS_Systick
VP_IWDG_VS_IWDG.Signal=IWDG_VS_IWDG
PA10.Signal=I2C1_SDA
ProjectManager.HeapSize=0x200
NVIC.HardFault_IRQn=true\:0\:0\:false\:false\:true\:false\:false
ProjectManager.ComputerToolchain=false
IWDG.Prescaler=IWDG_PRESCALER_16
Mcu.Pin10=VP_SYS_VS_Systick
PA2.Mode=Asynchronous
PF0-OSC_IN.Signal=RCC_OSC_IN
PF1-OSC_OUT.Mode=HSE-External-Oscillator
PA4.GPIO_Label=Led
PA7.GPIOParameters=GPIO_Label
ProjectManager.CustomerFirmwarePackage=
ProjectManager.DeviceId=STM32F030F4Px
PF1-OSC_OUT.Signal=RCC_OSC_OUT
ProjectManager.LibraryCopy=1
PA3.Signal=USART1_RX
PA7.Signal=GPIO_Input
